
Microsoft Visual Studio Solution File, Format Version 12.00
# Visual Studio Version 17
VisualStudioVersion = 17.9.34616.47
MinimumVisualStudioVersion = 10.0.40219.1
Project("{FAE04EC0-301F-11D3-BF4B-00C04F79EFBC}") = "MaterielSportHiv", "MaterielSportHiv\MaterielSportHiv.csproj", "{8133190B-8B14-403F-94C6-65B7EBD90658}"
EndProject
Global
	GlobalSection(SolutionConfigurationPlatforms) = preSolution
		Debug|Any CPU = Debug|Any CPU
		Release|Any CPU = Release|Any CPU
	EndGlobalSection
	GlobalSection(ProjectConfigurationPlatforms) = postSolution
		{8133190B-8B14-403F-94C6-65B7EBD90658}.Debug|Any CPU.ActiveCfg = Debug|Any CPU
		{8133190B-8B14-403F-94C6-65B7EBD90658}.Debug|Any CPU.Build.0 = Debug|Any CPU
		{8133190B-8B14-403F-94C6-65B7EBD90658}.Release|Any CPU.ActiveCfg = Release|Any CPU
		{8133190B-8B14-403F-94C6-65B7EBD90658}.Release|Any CPU.Build.0 = Release|Any CPU
	EndGlobalSection
	GlobalSection(SolutionProperties) = preSolution
		HideSolutionNode = FALSE
	EndGlobalSection
	GlobalSection(ExtensibilityGlobals) = postSolution
		SolutionGuid = {651B444A-3374-4611-8B38-4D7667BC551F}
	EndGlobalSection
EndGlobal
